---
lockfileVersion: '9.0'

importers:

  .:
    configDependencies: {}
    packageManagerDependencies:
      pnpm:
        specifier: 12.6.0
        version: 12.6.0

packages:

  '@pnpm/exe.android-arm64@12.6.0':
    resolution: {integrity: sha512-kviIHft9h02q+7N2In7tSL9T/HRUSGwYmU74YPtsWU5ee7vgqPyC0JT6RRX6miW+NxX1CvHgQxg69qq1qTLJYQ==}
    cpu: [arm64]
    os: [android]

  '@pnpm/exe.android-x64@12.6.0':
    resolution: {integrity: sha512-CT8aJKLq2mtZFE71pr4E5Z2xHL8uGnRGr+NclDqsXlVF4SVcQ2QAs14mWi0C8gjT4hbmi+Q0lJRRIkMAWfjjng==}
    cpu: [x64]
    os: [android]

  '@pnpm/exe.darwin-arm64@12.6.0':
    resolution: {integrity: sha512-rafpVkjzugKBMxSvGQd5wK1x5eOTkD/+lcJIFHeQhvd+BJ8kDisOOvwhQDrpGd4vd2Fx+hhW0P2Ptt638OlhFg==}
    cpu: [arm64]
    os: [darwin]

  '@pnpm/exe.darwin-x64@12.6.0':
    resolution: {integrity: sha512-72Jpuv1m24gI8zUNcaylYpBWEhBzz1VPhnDIU2GYM2eRP+KsOqVLwV78i+JrihI39zY2NNXmaN4eAKX1inpaDQ==}
    cpu: [x64]
    os: [darwin]

  '@pnpm/exe.freebsd-x64@12.6.0':
    resolution: {integrity: sha512-LON4QgNy1w/XF4uySZIyC/5hEB0oGdelXsY9tSKqstER+2j2X2oHz67skD11RRd/HWFRtMr64shQZ4I9ZoZ0zg==}
    cpu: [x64]
    os: [freebsd]

  '@pnpm/exe.linux-arm64-musl@12.6.0':
    resolution: {integrity: sha512-BdDpX+DeaMUc5x6WNcE6FkmFy36NwrBbBvwsZU737Zt3u1fTY+iKFPchjEQNCM4rT6q6xvF2oN3ZwExGsJCkxQ==}
    cpu: [arm64]
    os: [linux]
    libc: [musl]

  '@pnpm/exe.linux-arm64@12.6.0':
    resolution: {integrity: sha512-8h2sNoIhHDpHDYqZZCh9PXr6krqW10btb0GHVGuw710muDHlFAHMtUG2ogmaHge6zJG1xgY4Y7mwX5g/LWvrYg==}
    cpu: [arm64]
    os: [linux]
    libc: [glibc]

  '@pnpm/exe.linux-ppc64@12.6.0':
    resolution: {integrity: sha512-ld6xgcEhFCFrsVsJhbmdmR714PnsEspO/Ij8w0/D7OSiz2hYGu3fZd5tKRxOI5m6H6Gl0/RRFAPncTHbsgXVjQ==}
    cpu: [ppc64]
    os: [linux]
    libc: [glibc]

  '@pnpm/exe.linux-riscv64@12.6.0':
    resolution: {integrity: sha512-HIbImydoC3J8NFt+8MXfhTCf5rO6NjCMyinSAHac0VmV8uCHw+kbQkyAzxV84rzz9ZOzmBOnj0b1N461UIYGsw==}
    cpu: [riscv64]
    os: [linux]
    libc: [glibc]

  '@pnpm/exe.linux-s390x@12.6.0':
    resolution: {integrity: sha512-DjSqT7+BZ/lWcDHwNMuzsRVfyxUimh+D54Xw4tSWbdVVQhtWtNMUyI93LVnwCmsoEpar2gC3SFeAgywx37svKQ==}
    cpu: [s390x]
    os: [linux]
    libc: [glibc]

  '@pnpm/exe.linux-x64-musl@12.6.0':
    resolution: {integrity: sha512-31lKeGPmRE6xfV6I3VjaEGVFRei14pl/zgoFDK4w+UkbJqOuNl2Ht3O1GuqNIg3Gl14qTEb4kZRAYFHXifDx9A==}
    cpu: [x64]
    os: [linux]
    libc: [musl]

  '@pnpm/exe.linux-x64@12.6.0':
    resolution: {integrity: sha512-qFWBneHJAJ73W4whtbaFOL1M/7DBC6ILHXuxc7ZPtEhfPuT1zeZiGrmKHoMAfJA+mcm6xhOFljqVTUS+00Jabw==}
    cpu: [x64]
    os: [linux]
    libc: [glibc]

  '@pnpm/exe.win32-arm64@12.6.0':
    resolution: {integrity: sha512-OhfefXEEykZlslSUhR8PPRe6MVPV3Oink/dVfIecE5velpc7j80cZYsHlaDrtRDcm3TPwQHkaRW1SJ1efX9oFg==}
    cpu: [arm64]
    os: [win32]

  '@pnpm/exe.win32-x64@12.6.0':
    resolution: {integrity: sha512-L2tuyrD2+Imgxs3VK/ST/2L3xD6vDP0ktJQxM0TaGw7TbAQEMq+RMc8iK6Ew7Id579uzjJe8jSfJID2ZGsOHCA==}
    cpu: [x64]
    os: [win32]

  pnpm@12.6.0:
    resolution: {integrity: sha512-PvaPlRyxEawgS0paFvCy3fDaVqluBBPoHYVdnwtV75JnFHCQKOHNAMQFwsX7e56OxNxGd3yAXQNzwvL/AP0g7A==}
    engines: {node: '>=18.*'}
    hasBin: true

snapshots:

  '@pnpm/exe.android-arm64@12.6.0':
    optional: true

  '@pnpm/exe.android-x64@12.6.0':
    optional: true

  '@pnpm/exe.darwin-arm64@12.6.0':
    optional: true

  '@pnpm/exe.darwin-x64@12.6.0':
    optional: true

  '@pnpm/exe.freebsd-x64@12.6.0':
    optional: true

  '@pnpm/exe.linux-arm64-musl@12.6.0':
    optional: true

  '@pnpm/exe.linux-arm64@12.6.0':
    optional: true

  '@pnpm/exe.linux-ppc64@12.6.0':
    optional: true

  '@pnpm/exe.linux-riscv64@12.6.0':
    optional: true

  '@pnpm/exe.linux-s390x@12.6.0':
    optional: true

  '@pnpm/exe.linux-x64-musl@12.6.0':
    optional: true

  '@pnpm/exe.linux-x64@12.6.0':
    optional: true

  '@pnpm/exe.win32-arm64@12.6.0':
    optional: true

  '@pnpm/exe.win32-x64@12.6.0':
    optional: true

  pnpm@12.6.0:
    optionalDependencies:
      '@pnpm/exe.android-arm64': 12.6.0
      '@pnpm/exe.android-x64': 12.6.0
      '@pnpm/exe.darwin-arm64': 12.6.0
      '@pnpm/exe.darwin-x64': 12.6.0
      '@pnpm/exe.freebsd-x64': 12.6.0
      '@pnpm/exe.linux-arm64': 12.6.0
      '@pnpm/exe.linux-arm64-musl': 12.6.0
      '@pnpm/exe.linux-ppc64': 12.6.0
      '@pnpm/exe.linux-riscv64': 12.6.0
      '@pnpm/exe.linux-s390x': 12.6.0
      '@pnpm/exe.linux-x64': 12.6.0
      '@pnpm/exe.linux-x64-musl': 12.6.0
      '@pnpm/exe.win32-arm64': 12.6.0
      '@pnpm/exe.win32-x64': 12.6.0

---
lockfileVersion: '9.0'

settings:
  autoInstallPeers: true
  excludeLinksFromLockfile: false

importers:

  .:
    dependencies:
      fs-extra:
        specifier: ^8.1.0
        version: 8.1.0
    devDependencies:
      chokidar:
        specifier: ^3.5.3
        version: 3.6.0
      stylus:
        specifier: ^0.56.0
        version: 0.56.0
      terser:
        specifier: ^5.19.4
        version: 5.48.0

packages:

  '@jridgewell/gen-mapping@0.3.13':
    resolution: {integrity: sha512-2kkt/7niJ6MgEPxF0bYdQ6etZaA+fQvDcLKckhy1yIQOzaoKjBBjSj63/aLVjYE3qhRt5dvM+uUyfCg6UKCBbA==}

  '@jridgewell/resolve-uri@3.1.2':
    resolution: {integrity: sha512-bRISgCIjP20/tbWSPWMEi54QVPRZExkuD9lJL+UIxUKtwVJA8wW1Trb1jMs1RFXo1CBTNZ/5hpC9QvmKWdopKw==}
    engines: {node: '>=6.0.0'}

  '@jridgewell/source-map@0.3.11':
    resolution: {integrity: sha512-ZMp1V8ZFcPG5dIWnQLr3NSI1MiCU7UETdS/A0G8V/XWHvJv3ZsFqutJn1Y5RPmAPX6F3BiE397OqveU/9NCuIA==}

  '@jridgewell/sourcemap-codec@1.5.5':
    resolution: {integrity: sha512-cYQ9310grqxueWbl+WuIUIaiUaDcj7WOq5fVhEljNVgRfOUhY9fy2zTvfoqWsnebh8Sl70VScFbICvJnLKB0Og==}

  '@jridgewell/trace-mapping@0.3.31':
    resolution: {integrity: sha512-zzNR+SdQSDJzc8joaeP8QQoCQr8NuYx2dIIytl1QeBEZHJ9uW6hebsrYgbz8hJwUQao3TWCMtmfV8Nu1twOLAw==}

  acorn@8.17.0:
    resolution: {integrity: sha512-xRQbDb9BnwDafYNn6Vwl839DYVjqXYb1XVGtWAZ1kcDc6iwAL4hg3B1dZlRiuENFeO2H53gFG3in621AdERVAg==}
    engines: {node: '>=0.4.0'}
    hasBin: true

  anymatch@3.1.3:
    resolution: {integrity: sha512-KMReFUr0B4t+D+OBkjR3KYqvocp2XaSzO55UcB6mgQMd3KbcE+mWTyvVV7D/zsdEbNnV6acZUutkiHQXvTr1Rw==}
    engines: {node: '>= 8'}

  atob@2.1.2:
    resolution: {integrity: sha512-Wm6ukoaOGJi/73p/cl2GvLjTI5JM1k/O14isD73YML8StrH/7/lRFgmg8nICZgD3bZZvjwCGxtMOD3wWNAu8cg==}
    engines: {node: '>= 4.5.0'}
    hasBin: true

  balanced-match@1.0.2:
    resolution: {integrity: sha512-3oSeUO0TMV67hN1AmbXsK4yaqU7tjiHlbxRDZOpH0KW9+CeX4bRAaX0Anxt0tx2MrpRpWwQaPwIlISEJhYU5Pw==}

  binary-extensions@2.3.0:
    resolution: {integrity: sha512-Ceh+7ox5qe7LJuLHoY0feh3pHuUDHAcRUeyL2VYghZwfpkNIy/+8Ocg0a3UuSoYzavmylwuLWQOf3hl0jjMMIw==}
    engines: {node: '>=8'}

  brace-expansion@1.1.15:
    resolution: {integrity: sha512-EwOCDEex4quD37XhqM3omwtMoJjr//isUZz1JopUNWms+4Z2ViyM/k1YIRePpoVNnQhENnxtFjLaxNHrT7xIUg==}

  braces@3.0.3:
    resolution: {integrity: sha512-yQbXgO/OSZVD2IsiLlro+7Hf6Q18EJrKSEsdoMzKePKXct3gvD8oLcOQdIzGupr5Fj+EDe8gO/lxc1BzfMpxvA==}
    engines: {node: '>=8'}

  buffer-from@1.1.2:
    resolution: {integrity: sha512-E+XQCRwSbaaiChtv6k6Dwgc+bx+Bs6vuKJHHl5kox/BaKbhiXzqQOwK4cO22yElGp2OCmjwVhT3HmxgyPGnJfQ==}

  chokidar@3.6.0:
    resolution: {integrity: sha512-7VT13fmjotKpGipCW9JEQAusEPE+Ei8nl6/g4FBAmIm0GOOLMua9NDDo/DWp0ZAxCr3cPq5ZpBqmPAQgDda2Pw==}
    engines: {node: '>= 8.10.0'}

  commander@2.20.3:
    resolution: {integrity: sha512-GpVkmM8vF2vQUkj2LvZmD35JxeJOLCwJ9cUkugyk2nuhbv3+mJvpLYYt+0+USMxE+oj+ey/lJEnhZw75x/OMcQ==}

  concat-map@0.0.1:
    resolution: {integrity: sha512-/Srv4dswyQNBfohGpz9o6Yb3Gz3SrUDqBH5rTuhGR7ahtlbYKnVxw2bCFMRljaA7EXHaXZ8wsHdodFvbkhKmqg==}

  css@3.0.0:
    resolution: {integrity: sha512-DG9pFfwOrzc+hawpmqX/dHYHJG+Bsdb0klhyi1sDneOgGOXy9wQIC8hzyVp1e4NRYDBdxcylvywPkkXCHAzTyQ==}

  debug@4.4.3:
    resolution: {integrity: sha512-RGwwWnwQvkVfavKVt22FGLw+xYSdzARwm0ru6DhTVA3umU5hZc28V3kO4stgYryrTlLpuvgI9GiijltAjNbcqA==}
    engines: {node: '>=6.0'}
    peerDependencies:
      supports-color: '*'
    peerDependenciesMeta:
      supports-color:
        optional: true

  decode-uri-component@0.2.2:
    resolution: {integrity: sha512-FqUYQ+8o158GyGTrMFJms9qh3CqTKvAqgqsTnkLI8sKu0028orqBhxNMFkFen0zGyg6epACD32pjVk58ngIErQ==}
    engines: {node: '>=0.10'}

  fill-range@7.1.1:
    resolution: {integrity: sha512-YsGpe3WHLK8ZYi4tWDg2Jy3ebRz2rXowDxnld4bkQB00cc/1Zw9AWnC0i9ztDJitivtQvaI9KaLyKrc+hBW0yg==}
    engines: {node: '>=8'}

  fs-extra@8.1.0:
    resolution: {integrity: sha512-yhlQgA6mnOJUKOsRUFsgJdQCvkKhcz8tlZG5HBQfReYZy46OwLcY+Zia0mtdHsOo9y/hP+CxMN0TU9QxoOtG4g==}
    engines: {node: '>=6 <7 || >=8'}

  fs.realpath@1.0.0:
    resolution: {integrity: sha512-OO0pH2lK6a0hZnAdau5ItzHPI6pUlvI7jMVnxUQRtw4owF2wk8lOSabtGDCTP4Ggrg2MbGnWO9X8K1t4+fGMDw==}

  fsevents@2.3.3:
    resolution: {integrity: sha512-5xoDfX+fL7faATnagmWPpbFtwh/R77WmMMqqHGS65C3vvB0YHrgF+B1YmZ3441tMj5n63k0212XNoJwzlhffQw==}
    engines: {node: ^8.16.0 || ^10.6.0 || >=11.0.0}
    os: [darwin]

  glob-parent@5.1.2:
    resolution: {integrity: sha512-AOIgSQCepiJYwP3ARnGx+5VnTu2HBYdzbGP45eLw1vr3zB3vZLeyed1sC9hnbcOc9/SrMyM5RPQrkGz4aS9Zow==}
    engines: {node: '>= 6'}

  glob@7.2.3:
    resolution: {integrity: sha512-nFR0zLpU2YCaRxwoCJvL6UvCH2JFyFVIvwTLsIf21AuHlMskA1hhTdk+LlYJtOlYt9v6dvszD2BGRqBL+iQK9Q==}
    deprecated: Old versions of glob are not supported, and contain widely publicized security vulnerabilities, which have been fixed in the current version. Please update. Support for old versions may be purchased (at exorbitant rates) by contacting i@izs.me

  graceful-fs@4.2.11:
    resolution: {integrity: sha512-RbJ5/jmFcNNCcDV5o9eTnBLJ/HszWV0P73bc+Ff4nS/rJj+YaS6IGyiOL0VoBYX+l1Wrl3k63h/KrH+nhJ0XvQ==}

  inflight@1.0.6:
    resolution: {integrity: sha512-k92I/b08q4wvFscXCLvqfsHCrjrF7yiXsQuIVvVE7N82W3+aqpzuUdBbfhWcy/FZR3/4IgflMgKLOsvPDrGCJA==}
    deprecated: This module is not supported, and leaks memory. Do not use it. Check out lru-cache if you want a good and tested way to coalesce async requests by a key value, which is much more comprehensive and powerful.

  inherits@2.0.4:
    resolution: {integrity: sha512-k/vGaX4/Yla3WzyMCvTQOXYeIHvqOKtnqBduzTHpzpQZzAskKMhZ2K+EnBiSM9zGSoIFeMpXKxa4dYeZIQqewQ==}

  is-binary-path@2.1.0:
    resolution: {integrity: sha512-ZMERYes6pDydyuGidse7OsHxtbI7WVeUEozgR/g7rd0xUimYNlvZRE/K2MgZTjWy725IfelLeVcEM97mmtRGXw==}
    engines: {node: '>=8'}

  is-extglob@2.1.1:
    resolution: {integrity: sha512-SbKbANkN603Vi4jEZv49LeVJMn4yGwsbzZworEoyEiutsN3nJYdbO36zfhGJ6QEDpOZIFkDtnq5JRxmvl3jsoQ==}
    engines: {node: '>=0.10.0'}

  is-glob@4.0.3:
    resolution: {integrity: sha512-xelSayHH36ZgE7ZWhli7pW34hNbNl8Ojv5KVmkJD4hBdD3th8Tfk9vYasLM+mXWOZhFkgZfxhLSnrwRr4elSSg==}
    engines: {node: '>=0.10.0'}

  is-number@7.0.0:
    resolution: {integrity: sha512-41Cifkg6e8TylSpdtTpeLVMqvSBEVzTttHvERD741+pnZ8ANv0004MRL43QKPDlK9cGvNp6NZWZUBlbGXYxxng==}
    engines: {node: '>=0.12.0'}

  jsonfile@4.0.0:
    resolution: {integrity: sha512-m6F1R3z8jjlf2imQHS2Qez5sjKWQzbuuhuJ/FKYFRZvPE3PuHcSMVZzfsLhGVOkfd20obL5SWEBew5ShlquNxg==}

  minimatch@3.1.5:
    resolution: {integrity: sha512-VgjWUsnnT6n+NUk6eZq77zeFdpW2LWDzP6zFGrCbHXiYNul5Dzqk2HHQ5uFH2DNW5Xbp8+jVzaeNt94ssEEl4w==}

  ms@2.1.3:
    resolution: {integrity: sha512-6FlzubTLZG3J2a/NVCAleEhjzq5oxgHyaCU9yYXvcLsvoVaHJq/s5xXI6/XXP6tz7R9xAOtHnSO/tXtF3WRTlA==}

  normalize-path@3.0.0:
    resolution: {integrity: sha512-6eZs5Ls3WtCisHWp9S2GUy8dqkpGi4BVSz3GaqiE6ezub0512ESztXUwUB6C6IKbQkY2Pnb/mD4WYojCRwcwLA==}
    engines: {node: '>=0.10.0'}

  once@1.4.0:
    resolution: {integrity: sha512-lNaJgI+2Q5URQBkccEKHTQOPaXdUxnZZElQTZY0MFUAuaEqe1E+Nyvgdz/aIyNi6Z9MzO5dv1H8n58/GELp3+w==}

  path-is-absolute@1.0.1:
    resolution: {integrity: sha512-AVbw3UJ2e9bq64vSaS9Am0fje1Pa8pbGqTTsmXfaIiMpnr5DlDhfJOuLj9Sf95ZPVDAUerDfEk88MPmPe7UCQg==}
    engines: {node: '>=0.10.0'}

  picomatch@2.3.2:
    resolution: {integrity: sha512-V7+vQEJ06Z+c5tSye8S+nHUfI51xoXIXjHQ99cQtKUkQqqO1kO/KCJUfZXuB47h/YBlDhah2H3hdUGXn8ie0oA==}
    engines: {node: '>=8.6'}

  readdirp@3.6.0:
    resolution: {integrity: sha512-hOS089on8RduqdbhvQ5Z37A0ESjsqz6qnRcffsMU3495FuTdqSm+7bhJ29JvIOsBDEEnan5DPu9t3To9VRlMzA==}
    engines: {node: '>=8.10.0'}

  safer-buffer@2.1.2:
    resolution: {integrity: sha512-YZo3K82SD7Riyi0E1EQPojLz7kpepnSQI9IyPbHHg1XXXevb5dJI7tpyN2ADxGcQbHG7vcyRHk0cbwqcQriUtg==}

  sax@1.2.4:
    resolution: {integrity: sha512-NqVDv9TpANUjFm0N8uM5GxL36UgKi9/atZw+x7YFnQ8ckwFGKrl4xX4yWtrey3UJm5nP1kUbnYgLopqWNSRhWw==}

  source-map-resolve@0.6.0:
    resolution: {integrity: sha512-KXBr9d/fO/bWo97NXsPIAW1bFSBOuCnjbNTBMO7N59hsv5i9yzRDfcYwwt0l04+VqnKC+EwzvJZIP/qkuMgR/w==}
    deprecated: See https://github.com/lydell/source-map-resolve#deprecated

  source-map-support@0.5.21:
    resolution: {integrity: sha512-uBHU3L3czsIyYXKX88fdrGovxdSCoTGDRZ6SYXtSRxLZUzHg5P/66Ht6uoUlHu9EZod+inXhKo3qQgwXUT/y1w==}

  source-map@0.6.1:
    resolution: {integrity: sha512-UjgapumWlbMhkBgzT7Ykc5YXUT46F0iKu8SGXq0bcwP5dz/h0Plj6enJqjz1Zbq2l5WaqYnrVbwWOWMyF3F47g==}
    engines: {node: '>=0.10.0'}

  source-map@0.7.6:
    resolution: {integrity: sha512-i5uvt8C3ikiWeNZSVZNWcfZPItFQOsYTUAOkcUPGd8DqDy1uOUikjt5dG+uRlwyvR108Fb9DOd4GvXfT0N2/uQ==}
    engines: {node: '>= 12'}

  stylus@0.56.0:
    resolution: {integrity: sha512-Ev3fOb4bUElwWu4F9P9WjnnaSpc8XB9OFHSFZSKMFL1CE1oM+oFXWEgAqPmmZIyhBihuqIQlFsVTypiiS9RxeA==}
    hasBin: true

  terser@5.48.0:
    resolution: {integrity: sha512-J/9An6vs9Us6wKRriSFXBWdRZapREHqFzdNUKk0pmu804EMR6dr6winwo7e5JDxN4xahxQsuysyYFwlwj4XN/Q==}
    engines: {node: '>=10'}
    hasBin: true

  to-regex-range@5.0.1:
    resolution: {integrity: sha512-65P7iz6X5yEr1cwcgvQxbbIw7Uk3gOy5dIdtZ4rDveLqhrdJP+Li/Hx6tyK0NEb+2GCyneCMJiGqrADCSNk8sQ==}
    engines: {node: '>=8.0'}

  universalify@0.1.2:
    resolution: {integrity: sha512-rBJeI5CXAlmy1pV+617WB9J63U6XcazHHF2f2dbJix4XzpUF0RS3Zbj0FGIOCAva5P/d/GBOYaACQ1w+0azUkg==}
    engines: {node: '>= 4.0.0'}

  wrappy@1.0.2:
    resolution: {integrity: sha512-l4Sp/DRseor9wL6EvV2+TuQn63dMkPjZ/sp9XkghTEbV9KlPS1xUsZ3u7/IQO4wxtcFB4bgpQPRcR3QCvezPcQ==}

snapshots:

  '@jridgewell/gen-mapping@0.3.13':
    dependencies:
      '@jridgewell/sourcemap-codec': 1.5.5
      '@jridgewell/trace-mapping': 0.3.31

  '@jridgewell/resolve-uri@3.1.2': {}

  '@jridgewell/source-map@0.3.11':
    dependencies:
      '@jridgewell/gen-mapping': 0.3.13
      '@jridgewell/trace-mapping': 0.3.31

  '@jridgewell/sourcemap-codec@1.5.5': {}

  '@jridgewell/trace-mapping@0.3.31':
    dependencies:
      '@jridgewell/resolve-uri': 3.1.2
      '@jridgewell/sourcemap-codec': 1.5.5

  acorn@8.17.0: {}

  anymatch@3.1.3:
    dependencies:
      normalize-path: 3.0.0
      picomatch: 2.3.2

  atob@2.1.2: {}

  balanced-match@1.0.2: {}

  binary-extensions@2.3.0: {}

  brace-expansion@1.1.15:
    dependencies:
      balanced-match: 1.0.2
      concat-map: 0.0.1

  braces@3.0.3:
    dependencies:
      fill-range: 7.1.1

  buffer-from@1.1.2: {}

  chokidar@3.6.0:
    dependencies:
      anymatch: 3.1.3
      braces: 3.0.3
      glob-parent: 5.1.2
      is-binary-path: 2.1.0
      is-glob: 4.0.3
      normalize-path: 3.0.0
      readdirp: 3.6.0
    optionalDependencies:
      fsevents: 2.3.3

  commander@2.20.3: {}

  concat-map@0.0.1: {}

  css@3.0.0:
    dependencies:
      inherits: 2.0.4
      source-map: 0.6.1
      source-map-resolve: 0.6.0

  debug@4.4.3:
    dependencies:
      ms: 2.1.3

  decode-uri-component@0.2.2: {}

  fill-range@7.1.1:
    dependencies:
      to-regex-range: 5.0.1

  fs-extra@8.1.0:
    dependencies:
      graceful-fs: 4.2.11
      jsonfile: 4.0.0
      universalify: 0.1.2

  fs.realpath@1.0.0: {}

  fsevents@2.3.3:
    optional: true

  glob-parent@5.1.2:
    dependencies:
      is-glob: 4.0.3

  glob@7.2.3:
    dependencies:
      fs.realpath: 1.0.0
      inflight: 1.0.6
      inherits: 2.0.4
      minimatch: 3.1.5
      once: 1.4.0
      path-is-absolute: 1.0.1

  graceful-fs@4.2.11: {}

  inflight@1.0.6:
    dependencies:
      once: 1.4.0
      wrappy: 1.0.2

  inherits@2.0.4: {}

  is-binary-path@2.1.0:
    dependencies:
      binary-extensions: 2.3.0

  is-extglob@2.1.1: {}

  is-glob@4.0.3:
    dependencies:
      is-extglob: 2.1.1

  is-number@7.0.0: {}

  jsonfile@4.0.0:
    optionalDependencies:
      graceful-fs: 4.2.11

  minimatch@3.1.5:
    dependencies:
      brace-expansion: 1.1.15

  ms@2.1.3: {}

  normalize-path@3.0.0: {}

  once@1.4.0:
    dependencies:
      wrappy: 1.0.2

  path-is-absolute@1.0.1: {}

  picomatch@2.3.2: {}

  readdirp@3.6.0:
    dependencies:
      picomatch: 2.3.2

  safer-buffer@2.1.2: {}

  sax@1.2.4: {}

  source-map-resolve@0.6.0:
    dependencies:
      atob: 2.1.2
      decode-uri-component: 0.2.2

  source-map-support@0.5.21:
    dependencies:
      buffer-from: 1.1.2
      source-map: 0.6.1

  source-map@0.6.1: {}

  source-map@0.7.6: {}

  stylus@0.56.0:
    dependencies:
      css: 3.0.0
      debug: 4.4.3
      glob: 7.2.3
      safer-buffer: 2.1.2
      sax: 1.2.4
      source-map: 0.7.6
    transitivePeerDependencies:
      - supports-color

  terser@5.48.0:
    dependencies:
      '@jridgewell/source-map': 0.3.11
      acorn: 8.17.0
      commander: 2.20.3
      source-map-support: 0.5.21

  to-regex-range@5.0.1:
    dependencies:
      is-number: 7.0.0

  universalify@0.1.2: {}

  wrappy@1.0.2: {}
